{
  "name": "excello",
  "version": "1.0.0",
  "lockfileVersion": 1,
  "requires": true,
  "dependencies": {
    "parsecco": {
      "version": "1.2.3",
      "resolved": "https://registry.npmjs.org/parsecco/-/parsecco-1.2.3.tgz",
      "integrity": "sha512-hsWi0wbTmVu73CD0KSxhy9nh9MH93N77UJXZAAwTnidNAbtl6ds9AMEihykwD8iBWMLdjK62G+GQHiTdW9usqw=="
    }
  }
}
